
Microsoft Visual Studio Solution File, Format Version 12.00
# Visual Studio Version 17
VisualStudioVersion = 17.11.35312.102
MinimumVisualStudioVersion = 10.0.40219.1
Project("{FAE04EC0-301F-11D3-BF4B-00C04F79EFBC}") = "PartyInvite", "PartyInvite\PartyInvite.csproj", "{765C59A1-2D7C-4E33-AFF2-3688E50D3905}"
EndProject
Global
	GlobalSection(SolutionConfigurationPlatforms) = preSolution
		Debug|Any CPU = Debug|Any CPU
		Release|Any CPU = Release|Any CPU
	EndGlobalSection
	GlobalSection(ProjectConfigurationPlatforms) = postSolution
		{765C59A1-2D7C-4E33-AFF2-3688E50D3905}.Debug|Any CPU.ActiveCfg = Debug|Any CPU
		{765C59A1-2D7C-4E33-AFF2-3688E50D3905}.Debug|Any CPU.Build.0 = Debug|Any CPU
		{765C59A1-2D7C-4E33-AFF2-3688E50D3905}.Release|Any CPU.ActiveCfg = Release|Any CPU
		{765C59A1-2D7C-4E33-AFF2-3688E50D3905}.Release|Any CPU.Build.0 = Release|Any CPU
	EndGlobalSection
	GlobalSection(SolutionProperties) = preSolution
		HideSolutionNode = FALSE
	EndGlobalSection
	GlobalSection(ExtensibilityGlobals) = postSolution
		SolutionGuid = {25830A79-1902-46E4-BF9B-ECBE579657F8}
	EndGlobalSection
EndGlobal
